
Microsoft Visual Studio Solution File, Format Version 12.00
# Visual Studio Version 16
VisualStudioVersion = 16.0.31702.278
MinimumVisualStudioVersion = 10.0.40219.1
Project("{9A19103F-16F7-4668-BE54-9A1E7A4F7556}") = "LinketList-C", "LinketList-C\LinketList-C.csproj", "{6F89004D-1DA2-47B1-B7CA-77D86E8FC0BE}"
EndProject
Project("{FAE04EC0-301F-11D3-BF4B-00C04F79EFBC}") = "LinkedList-C Test", "LinkedList-C Test\LinkedList-C Test.csproj", "{A545ED49-3ACE-49BD-8FCA-628B5DF1308D}"
EndProject
Global
	GlobalSection(SolutionConfigurationPlatforms) = preSolution
		Debug|Any CPU = Debug|Any CPU
		Release|Any CPU = Release|Any CPU
	EndGlobalSection
	GlobalSection(ProjectConfigurationPlatforms) = postSolution
		{6F89004D-1DA2-47B1-B7CA-77D86E8FC0BE}.Debug|Any CPU.ActiveCfg = Debug|Any CPU
		{6F89004D-1DA2-47B1-B7CA-77D86E8FC0BE}.Debug|Any CPU.Build.0 = Debug|Any CPU
		{6F89004D-1DA2-47B1-B7CA-77D86E8FC0BE}.Release|Any CPU.ActiveCfg = Release|Any CPU
		{6F89004D-1DA2-47B1-B7CA-77D86E8FC0BE}.Release|Any CPU.Build.0 = Release|Any CPU
		{A545ED49-3ACE-49BD-8FCA-628B5DF1308D}.Debug|Any CPU.ActiveCfg = Debug|Any CPU
		{A545ED49-3ACE-49BD-8FCA-628B5DF1308D}.Debug|Any CPU.Build.0 = Debug|Any CPU
		{A545ED49-3ACE-49BD-8FCA-628B5DF1308D}.Release|Any CPU.ActiveCfg = Release|Any CPU
		{A545ED49-3ACE-49BD-8FCA-628B5DF1308D}.Release|Any CPU.Build.0 = Release|Any CPU
	EndGlobalSection
	GlobalSection(SolutionProperties) = preSolution
		HideSolutionNode = FALSE
	EndGlobalSection
	GlobalSection(ExtensibilityGlobals) = postSolution
		SolutionGuid = {2E72D342-F1D4-45FC-B04E-2A1490C1454E}
	EndGlobalSection
EndGlobal
